
Microsoft Visual Studio Solution File, Format Version 12.00
# Visual Studio 15
VisualStudioVersion = 15.0.26403.7
MinimumVisualStudioVersion = 10.0.40219.1
Project("{FAE04EC0-301F-11D3-BF4B-00C04F79EFBC}") = "IMDBXamarin.Android", "IMDBXamarin\IMDBXamarin.Android\IMDBXamarin.Android.csproj", "{49BF10CA-322D-4182-83DB-2D0CD7CEAD97}"
EndProject
Project("{FAE04EC0-301F-11D3-BF4B-00C04F79EFBC}") = "IMDBXamarin", "IMDBXamarin\IMDBXamarin\IMDBXamarin.csproj", "{9464C652-E7A0-49E7-9415-53F7AA409905}"
EndProject
Project("{FAE04EC0-301F-11D3-BF4B-00C04F79EFBC}") = "IMDBXamarin.UWP", "IMDBXamarin\IMDBXamarin.UWP\IMDBXamarin.UWP.csproj", "{39A0427E-DAF9-438F-8253-85C9719712AD}"
EndProject
Project("{FAE04EC0-301F-11D3-BF4B-00C04F79EFBC}") = "IMDBXamarin.iOS", "IMDBXamarin\IMDBXamarin.iOS\IMDBXamarin.iOS.csproj", "{A4534902-C035-4B9C-97E7-774424A30C20}"
EndProject
Global
	GlobalSection(SolutionConfigurationPlatforms) = preSolution
		Ad-Hoc|Any CPU = Ad-Hoc|Any CPU
		Ad-Hoc|ARM = Ad-Hoc|ARM
		Ad-Hoc|iPhone = Ad-Hoc|iPhone
		Ad-Hoc|iPhoneSimulator = Ad-Hoc|iPhoneSimulator
		Ad-Hoc|x64 = Ad-Hoc|x64
		Ad-Hoc|x86 = Ad-Hoc|x86
		AppStore|Any CPU = AppStore|Any CPU
		AppStore|ARM = AppStore|ARM
		AppStore|iPhone = AppStore|iPhone
		AppStore|iPhoneSimulator = AppStore|iPhoneSimulator
		AppStore|x64 = AppStore|x64
		AppStore|x86 = AppStore|x86
		Debug|Any CPU = Debug|Any CPU
		Debug|ARM = Debug|ARM
		Debug|iPhone = Debug|iPhone
		Debug|iPhoneSimulator = Debug|iPhoneSimulator
		Debug|x64 = Debug|x64
		Debug|x86 = Debug|x86
		Release|Any CPU = Release|Any CPU
		Release|ARM = Release|ARM
		Release|iPhone = Release|iPhone
		Release|iPhoneSimulator = Release|iPhoneSimulator
		Release|x64 = Release|x64
		Release|x86 = Release|x86
	EndGlobalSection
	GlobalSection(ProjectConfigurationPlatforms) = postSolution
		{49BF10CA-322D-4182-83DB-2D0CD7CEAD97}.Ad-Hoc|Any CPU.ActiveCfg = Release|Any CPU
		{49BF10CA-322D-4182-83DB-2D0CD7CEAD97}.Ad-Hoc|Any CPU.Build.0 = Release|Any CPU
		{49BF10CA-322D-4182-83DB-2D0CD7CEAD97}.Ad-Hoc|Any CPU.Deploy.0 = Release|Any CPU
		{49BF10CA-322D-4182-83DB-2D0CD7CEAD97}.Ad-Hoc|ARM.ActiveCfg = Release|Any CPU
		{49BF10CA-322D-4182-83DB-2D0CD7CEAD97}.Ad-Hoc|ARM.Build.0 = Release|Any CPU
		{49BF10CA-322D-4182-83DB-2D0CD7CEAD97}.Ad-Hoc|ARM.Deploy.0 = Release|Any CPU
		{49BF10CA-322D-4182-83DB-2D0CD7CEAD97}.Ad-Hoc|iPhone.ActiveCfg = Release|Any CPU
		{49BF10CA-322D-4182-83DB-2D0CD7CEAD97}.Ad-Hoc|iPhone.Build.0 = Release|Any CPU
		{49BF10CA-322D-4182-83DB-2D0CD7CEAD97}.Ad-Hoc|iPhone.Deploy.0 = Release|Any CPU
		{49BF10CA-322D-4182-83DB-2D0CD7CEAD97}.Ad-Hoc|iPhoneSimulator.ActiveCfg = Release|Any CPU
		{49BF10CA-322D-4182-83DB-2D0CD7CEAD97}.Ad-Hoc|iPhoneSimulator.Build.0 = Release|Any CPU
		{49BF10CA-322D-4182-83DB-2D0CD7CEAD97}.Ad-Hoc|iPhoneSimulator.Deploy.0 = Release|Any CPU
		{49BF10CA-322D-4182-83DB-2D0CD7CEAD97}.Ad-Hoc|x64.ActiveCfg = Release|Any CPU
		{49BF10CA-322D-4182-83DB-2D0CD7CEAD97}.Ad-Hoc|x64.Build.0 = Release|Any CPU
		{49BF10CA-322D-4182-83DB-2D0CD7CEAD97}.Ad-Hoc|x64.Deploy.0 = Release|Any CPU
		{49BF10CA-322D-4182-83DB-2D0CD7CEAD97}.Ad-Hoc|x86.ActiveCfg = Release|Any CPU
		{49BF10CA-322D-4182-83DB-2D0CD7CEAD97}.Ad-Hoc|x86.Build.0 = Release|Any CPU
		{49BF10CA-322D-4182-83DB-2D0CD7CEAD97}.Ad-Hoc|x86.Deploy.0 = Release|Any CPU
		{49BF10CA-322D-4182-83DB-2D0CD7CEAD97}.AppStore|Any CPU.ActiveCfg = Release|Any CPU
		{49BF10CA-322D-4182-83DB-2D0CD7CEAD97}.AppStore|Any CPU.Build.0 = Release|Any CPU
		{49BF10CA-322D-4182-83DB-2D0CD7CEAD97}.AppStore|Any CPU.Deploy.0 = Release|Any CPU
		{49BF10CA-322D-4182-83DB-2D0CD7CEAD97}.AppStore|ARM.ActiveCfg = Release|Any CPU
		{49BF10CA-322D-4182-83DB-2D0CD7CEAD97}.AppStore|ARM.Build.0 = Release|Any CPU
		{49BF10CA-322D-4182-83DB-2D0CD7CEAD97}.AppStore|ARM.Deploy.0 = Release|Any CPU
		{49BF10CA-322D-4182-83DB-2D0CD7CEAD97}.AppStore|iPhone.ActiveCfg = Release|Any CPU
		{49BF10CA-322D-4182-83DB-2D0CD7CEAD97}.AppStore|iPhone.Build.0 = Release|Any CPU
		{49BF10CA-322D-4182-83DB-2D0CD7CEAD97}.AppStore|iPhone.Deploy.0 = Release|Any CPU
		{49BF10CA-322D-4182-83DB-2D0CD7CEAD97}.AppStore|iPhoneSimulator.ActiveCfg = Release|Any CPU
		{49BF10CA-322D-4182-83DB-2D0CD7CEAD97}.AppStore|iPhoneSimulator.Build.0 = Release|Any CPU
		{49BF10CA-322D-4182-83DB-2D0CD7CEAD97}.AppStore|iPhoneSimulator.Deploy.0 = Release|Any CPU
		{49BF10CA-322D-4182-83DB-2D0CD7CEAD97}.AppStore|x64.ActiveCfg = Release|Any CPU
		{49BF10CA-322D-4182-83DB-2D0CD7CEAD97}.AppStore|x64.Build.0 = Release|Any CPU
		{49BF10CA-322D-4182-83DB-2D0CD7CEAD97}.AppStore|x64.Deploy.0 = Release|Any CPU
		{49BF10CA-322D-4182-83DB-2D0CD7CEAD97}.AppStore|x86.ActiveCfg = Release|Any CPU
		{49BF10CA-322D-4182-83DB-2D0CD7CEAD97}.AppStore|x86.Build.0 = Release|Any CPU
		{49BF10CA-322D-4182-83DB-2D0CD7CEAD97}.AppStore|x86.Deploy.0 = Release|Any CPU
		{49BF10CA-322D-4182-83DB-2D0CD7CEAD97}.Debug|Any CPU.ActiveCfg = Debug|Any CPU
		{49BF10CA-322D-4182-83DB-2D0CD7CEAD97}.Debug|Any CPU.Build.0 = Debug|Any CPU
		{49BF10CA-322D-4182-83DB-2D0CD7CEAD97}.Debug|Any CPU.Deploy.0 = Debug|Any CPU
		{49BF10CA-322D-4182-83DB-2D0CD7CEAD97}.Debug|ARM.ActiveCfg = Debug|Any CPU
		{49BF10CA-322D-4182-83DB-2D0CD7CEAD97}.Debug|ARM.Build.0 = Debug|Any CPU
		{49BF10CA-322D-4182-83DB-2D0CD7CEAD97}.Debug|ARM.Deploy.0 = Debug|Any CPU
		{49BF10CA-322D-4182-83DB-2D0CD7CEAD97}.Debug|iPhone.ActiveCfg = Debug|Any CPU
		{49BF10CA-322D-4182-83DB-2D0CD7CEAD97}.Debug|iPhone.Build.0 = Debug|Any CPU
		{49BF10CA-322D-4182-83DB-2D0CD7CEAD97}.Debug|iPhone.Deploy.0 = Debug|Any CPU
		{49BF10CA-322D-4182-83DB-2D0CD7CEAD97}.Debug|iPhoneSimulator.ActiveCfg = Debug|Any CPU
		{49BF10CA-322D-4182-83DB-2D0CD7CEAD97}.Debug|iPhoneSimulator.Build.0 = Debug|Any CPU
		{49BF10CA-322D-4182-83DB-2D0CD7CEAD97}.Debug|iPhoneSimulator.Deploy.0 = Debug|Any CPU
		{49BF10CA-322D-4182-83DB-2D0CD7CEAD97}.Debug|x64.ActiveCfg = Debug|Any CPU
		{49BF10CA-322D-4182-83DB-2D0CD7CEAD97}.Debug|x64.Build.0 = Debug|Any CPU
		{49BF10CA-322D-4182-83DB-2D0CD7CEAD97}.Debug|x64.Deploy.0 = Debug|Any CPU
		{49BF10CA-322D-4182-83DB-2D0CD7CEAD97}.Debug|x86.ActiveCfg = Debug|Any CPU
		{49BF10CA-322D-4182-83DB-2D0CD7CEAD97}.Debug|x86.Build.0 = Debug|Any CPU
		{49BF10CA-322D-4182-83DB-2D0CD7CEAD97}.Debug|x86.Deploy.0 = Debug|Any CPU
		{49BF10CA-322D-4182-83DB-2D0CD7CEAD97}.Release|Any CPU.ActiveCfg = Release|Any CPU
		{49BF10CA-322D-4182-83DB-2D0CD7CEAD97}.Release|Any CPU.Build.0 = Release|Any CPU
		{49BF10CA-322D-4182-83DB-2D0CD7CEAD97}.Release|Any CPU.Deploy.0 = Release|Any CPU
		{49BF10CA-322D-4182-83DB-2D0CD7CEAD97}.Release|ARM.ActiveCfg = Release|Any CPU
		{49BF10CA-322D-4182-83DB-2D0CD7CEAD97}.Release|ARM.Build.0 = Release|Any CPU
		{49BF10CA-322D-4182-83DB-2D0CD7CEAD97}.Release|ARM.Deploy.0 = Release|Any CPU
		{49BF10CA-322D-4182-83DB-2D0CD7CEAD97}.Release|iPhone.ActiveCfg = Release|Any CPU
		{49BF10CA-322D-4182-83DB-2D0CD7CEAD97}.Release|iPhone.Build.0 = Release|Any CPU
		{49BF10CA-322D-4182-83DB-2D0CD7CEAD97}.Release|iPhone.Deploy.0 = Release|Any CPU
		{49BF10CA-322D-4182-83DB-2D0CD7CEAD97}.Release|iPhoneSimulator.ActiveCfg = Release|Any CPU
		{49BF10CA-322D-4182-83DB-2D0CD7CEAD97}.Release|iPhoneSimulator.Build.0 = Release|Any CPU
		{49BF10CA-322D-4182-83DB-2D0CD7CEAD97}.Release|iPhoneSimulator.Deploy.0 = Release|Any CPU
		{49BF10CA-322D-4182-83DB-2D0CD7CEAD97}.Release|x64.ActiveCfg = Release|Any CPU
		{49BF10CA-322D-4182-83DB-2D0CD7CEAD97}.Release|x64.Build.0 = Release|Any CPU
		{49BF10CA-322D-4182-83DB-2D0CD7CEAD97}.Release|x64.Deploy.0 = Release|Any CPU
		{49BF10CA-322D-4182-83DB-2D0CD7CEAD97}.Release|x86.ActiveCfg = Release|Any CPU
		{49BF10CA-322D-4182-83DB-2D0CD7CEAD97}.Release|x86.Build.0 = Release|Any CPU
		{49BF10CA-322D-4182-83DB-2D0CD7CEAD97}.Release|x86.Deploy.0 = Release|Any CPU
		{9464C652-E7A0-49E7-9415-53F7AA409905}.Ad-Hoc|Any CPU.ActiveCfg = Release|Any CPU
		{9464C652-E7A0-49E7-9415-53F7AA409905}.Ad-Hoc|Any CPU.Build.0 = Release|Any CPU
		{9464C652-E7A0-49E7-9415-53F7AA409905}.Ad-Hoc|ARM.ActiveCfg = Release|Any CPU
		{9464C652-E7A0-49E7-9415-53F7AA409905}.Ad-Hoc|ARM.Build.0 = Release|Any CPU
		{9464C652-E7A0-49E7-9415-53F7AA409905}.Ad-Hoc|iPhone.ActiveCfg = Release|Any CPU
		{9464C652-E7A0-49E7-9415-53F7AA409905}.Ad-Hoc|iPhone.Build.0 = Release|Any CPU
		{9464C652-E7A0-49E7-9415-53F7AA409905}.Ad-Hoc|iPhoneSimulator.ActiveCfg = Release|Any CPU
		{9464C652-E7A0-49E7-9415-53F7AA409905}.Ad-Hoc|iPhoneSimulator.Build.0 = Release|Any CPU
		{9464C652-E7A0-49E7-9415-53F7AA409905}.Ad-Hoc|x64.ActiveCfg = Release|Any CPU
		{9464C652-E7A0-49E7-9415-53F7AA409905}.Ad-Hoc|x64.Build.0 = Release|Any CPU
		{9464C652-E7A0-49E7-9415-53F7AA409905}.Ad-Hoc|x86.ActiveCfg = Release|Any CPU
		{9464C652-E7A0-49E7-9415-53F7AA409905}.Ad-Hoc|x86.Build.0 = Release|Any CPU
		{9464C652-E7A0-49E7-9415-53F7AA409905}.AppStore|Any CPU.ActiveCfg = Release|Any CPU
		{9464C652-E7A0-49E7-9415-53F7AA409905}.AppStore|Any CPU.Build.0 = Release|Any CPU
		{9464C652-E7A0-49E7-9415-53F7AA409905}.AppStore|ARM.ActiveCfg = Release|Any CPU
		{9464C652-E7A0-49E7-9415-53F7AA409905}.AppStore|ARM.Build.0 = Release|Any CPU
		{9464C652-E7A0-49E7-9415-53F7AA409905}.AppStore|iPhone.ActiveCfg = Release|Any CPU
		{9464C652-E7A0-49E7-9415-53F7AA409905}.AppStore|iPhone.Build.0 = Release|Any CPU
		{9464C652-E7A0-49E7-9415-53F7AA409905}.AppStore|iPhoneSimulator.ActiveCfg = Release|Any CPU
		{9464C652-E7A0-49E7-9415-53F7AA409905}.AppStore|iPhoneSimulator.Build.0 = Release|Any CPU
		{9464C652-E7A0-49E7-9415-53F7AA409905}.AppStore|x64.ActiveCfg = Release|Any CPU
		{9464C652-E7A0-49E7-9415-53F7AA409905}.AppStore|x64.Build.0 = Release|Any CPU
		{9464C652-E7A0-49E7-9415-53F7AA409905}.AppStore|x86.ActiveCfg = Release|Any CPU
		{9464C652-E7A0-49E7-9415-53F7AA409905}.AppStore|x86.Build.0 = Release|Any CPU
		{9464C652-E7A0-49E7-9415-53F7AA409905}.Debug|Any CPU.ActiveCfg = Debug|Any CPU
		{9464C652-E7A0-49E7-9415-53F7AA409905}.Debug|Any CPU.Build.0 = Debug|Any CPU
		{9464C652-E7A0-49E7-9415-53F7AA409905}.Debug|ARM.ActiveCfg = Debug|Any CPU
		{9464C652-E7A0-49E7-9415-53F7AA409905}.Debug|ARM.Build.0 = Debug|Any CPU
		{9464C652-E7A0-49E7-9415-53F7AA409905}.Debug|iPhone.ActiveCfg = Debug|Any CPU
		{9464C652-E7A0-49E7-9415-53F7AA409905}.Debug|iPhone.Build.0 = Debug|Any CPU
		{9464C652-E7A0-49E7-9415-53F7AA409905}.Debug|iPhoneSimulator.ActiveCfg = Debug|Any CPU
		{9464C652-E7A0-49E7-9415-53F7AA409905}.Debug|iPhoneSimulator.Build.0 = Debug|Any CPU
		{9464C652-E7A0-49E7-9415-53F7AA409905}.Debug|x64.ActiveCfg = Debug|Any CPU
		{9464C652-E7A0-49E7-9415-53F7AA409905}.Debug|x64.Build.0 = Debug|Any CPU
		{9464C652-E7A0-49E7-9415-53F7AA409905}.Debug|x86.ActiveCfg = Debug|Any CPU
		{9464C652-E7A0-49E7-9415-53F7AA409905}.Debug|x86.Build.0 = Debug|Any CPU
		{9464C652-E7A0-49E7-9415-53F7AA409905}.Release|Any CPU.ActiveCfg = Release|Any CPU
		{9464C652-E7A0-49E7-9415-53F7AA409905}.Release|Any CPU.Build.0 = Release|Any CPU
		{9464C652-E7A0-49E7-9415-53F7AA409905}.Release|ARM.ActiveCfg = Release|Any CPU
		{9464C652-E7A0-49E7-9415-53F7AA409905}.Release|ARM.Build.0 = Release|Any CPU
		{9464C652-E7A0-49E7-9415-53F7AA409905}.Release|iPhone.ActiveCfg = Release|Any CPU
		{9464C652-E7A0-49E7-9415-53F7AA409905}.Release|iPhone.Build.0 = Release|Any CPU
		{9464C652-E7A0-49E7-9415-53F7AA409905}.Release|iPhoneSimulator.ActiveCfg = Release|Any CPU
		{9464C652-E7A0-49E7-9415-53F7AA409905}.Release|iPhoneSimulator.Build.0 = Release|Any CPU
		{9464C652-E7A0-49E7-9415-53F7AA409905}.Release|x64.ActiveCfg = Release|Any CPU
		{9464C652-E7A0-49E7-9415-53F7AA409905}.Release|x64.Build.0 = Release|Any CPU
		{9464C652-E7A0-49E7-9415-53F7AA409905}.Release|x86.ActiveCfg = Release|Any CPU
		{9464C652-E7A0-49E7-9415-53F7AA409905}.Release|x86.Build.0 = Release|Any CPU
		{39A0427E-DAF9-438F-8253-85C9719712AD}.Ad-Hoc|Any CPU.ActiveCfg = Release|x86
		{39A0427E-DAF9-438F-8253-85C9719712AD}.Ad-Hoc|Any CPU.Build.0 = Release|x86
		{39A0427E-DAF9-438F-8253-85C9719712AD}.Ad-Hoc|Any CPU.Deploy.0 = Release|x86
		{39A0427E-DAF9-438F-8253-85C9719712AD}.Ad-Hoc|ARM.ActiveCfg = Release|ARM
		{39A0427E-DAF9-438F-8253-85C9719712AD}.Ad-Hoc|ARM.Build.0 = Release|ARM
		{39A0427E-DAF9-438F-8253-85C9719712AD}.Ad-Hoc|ARM.Deploy.0 = Release|ARM
		{39A0427E-DAF9-438F-8253-85C9719712AD}.Ad-Hoc|iPhone.ActiveCfg = Release|x86
		{39A0427E-DAF9-438F-8253-85C9719712AD}.Ad-Hoc|iPhone.Build.0 = Release|x86
		{39A0427E-DAF9-438F-8253-85C9719712AD}.Ad-Hoc|iPhone.Deploy.0 = Release|x86
		{39A0427E-DAF9-438F-8253-85C9719712AD}.Ad-Hoc|iPhoneSimulator.ActiveCfg = Release|x86
		{39A0427E-DAF9-438F-8253-85C9719712AD}.Ad-Hoc|iPhoneSimulator.Build.0 = Release|x86
		{39A0427E-DAF9-438F-8253-85C9719712AD}.Ad-Hoc|iPhoneSimulator.Deploy.0 = Release|x86
		{39A0427E-DAF9-438F-8253-85C9719712AD}.Ad-Hoc|x64.ActiveCfg = Release|x64
		{39A0427E-DAF9-438F-8253-85C9719712AD}.Ad-Hoc|x64.Build.0 = Release|x64
		{39A0427E-DAF9-438F-8253-85C9719712AD}.Ad-Hoc|x64.Deploy.0 = Release|x64
		{39A0427E-DAF9-438F-8253-85C9719712AD}.Ad-Hoc|x86.ActiveCfg = Release|x86
		{39A0427E-DAF9-438F-8253-85C9719712AD}.Ad-Hoc|x86.Build.0 = Release|x86
		{39A0427E-DAF9-438F-8253-85C9719712AD}.Ad-Hoc|x86.Deploy.0 = Release|x86
		{39A0427E-DAF9-438F-8253-85C9719712AD}.AppStore|Any CPU.ActiveCfg = Release|x86
		{39A0427E-DAF9-438F-8253-85C9719712AD}.AppStore|Any CPU.Build.0 = Release|x86
		{39A0427E-DAF9-438F-8253-85C9719712AD}.AppStore|Any CPU.Deploy.0 = Release|x86
		{39A0427E-DAF9-438F-8253-85C9719712AD}.AppStore|ARM.ActiveCfg = Release|ARM
		{39A0427E-DAF9-438F-8253-85C9719712AD}.AppStore|ARM.Build.0 = Release|ARM
		{39A0427E-DAF9-438F-8253-85C9719712AD}.AppStore|ARM.Deploy.0 = Release|ARM
		{39A0427E-DAF9-438F-8253-85C9719712AD}.AppStore|iPhone.ActiveCfg = Release|x86
		{39A0427E-DAF9-438F-8253-85C9719712AD}.AppStore|iPhone.Build.0 = Release|x86
		{39A0427E-DAF9-438F-8253-85C9719712AD}.AppStore|iPhone.Deploy.0 = Release|x86
		{39A0427E-DAF9-438F-8253-85C9719712AD}.AppStore|iPhoneSimulator.ActiveCfg = Release|x86
		{39A0427E-DAF9-438F-8253-85C9719712AD}.AppStore|iPhoneSimulator.Build.0 = Release|x86
		{39A0427E-DAF9-438F-8253-85C9719712AD}.AppStore|iPhoneSimulator.Deploy.0 = Release|x86
		{39A0427E-DAF9-438F-8253-85C9719712AD}.AppStore|x64.ActiveCfg = Release|x64
		{39A0427E-DAF9-438F-8253-85C9719712AD}.AppStore|x64.Build.0 = Release|x64
		{39A0427E-DAF9-438F-8253-85C9719712AD}.AppStore|x64.Deploy.0 = Release|x64
		{39A0427E-DAF9-438F-8253-85C9719712AD}.AppStore|x86.ActiveCfg = Release|x86
		{39A0427E-DAF9-438F-8253-85C9719712AD}.AppStore|x86.Build.0 = Release|x86
		{39A0427E-DAF9-438F-8253-85C9719712AD}.AppStore|x86.Deploy.0 = Release|x86
		{39A0427E-DAF9-438F-8253-85C9719712AD}.Debug|Any CPU.ActiveCfg = Debug|x86
		{39A0427E-DAF9-438F-8253-85C9719712AD}.Debug|ARM.ActiveCfg = Debug|ARM
		{39A0427E-DAF9-438F-8253-85C9719712AD}.Debug|ARM.Build.0 = Debug|ARM
		{39A0427E-DAF9-438F-8253-85C9719712AD}.Debug|ARM.Deploy.0 = Debug|ARM
		{39A0427E-DAF9-438F-8253-85C9719712AD}.Debug|iPhone.ActiveCfg = Debug|x86
		{39A0427E-DAF9-438F-8253-85C9719712AD}.Debug|iPhoneSimulator.ActiveCfg = Debug|x86
		{39A0427E-DAF9-438F-8253-85C9719712AD}.Debug|x64.ActiveCfg = Debug|x64
		{39A0427E-DAF9-438F-8253-85C9719712AD}.Debug|x64.Build.0 = Debug|x64
		{39A0427E-DAF9-438F-8253-85C9719712AD}.Debug|x64.Deploy.0 = Debug|x64
		{39A0427E-DAF9-438F-8253-85C9719712AD}.Debug|x86.ActiveCfg = Debug|x86
		{39A0427E-DAF9-438F-8253-85C9719712AD}.Debug|x86.Build.0 = Debug|x86
		{39A0427E-DAF9-438F-8253-85C9719712AD}.Debug|x86.Deploy.0 = Debug|x86
		{39A0427E-DAF9-438F-8253-85C9719712AD}.Release|Any CPU.ActiveCfg = Release|x86
		{39A0427E-DAF9-438F-8253-85C9719712AD}.Release|ARM.ActiveCfg = Release|ARM
		{39A0427E-DAF9-438F-8253-85C9719712AD}.Release|ARM.Build.0 = Release|ARM
		{39A0427E-DAF9-438F-8253-85C9719712AD}.Release|ARM.Deploy.0 = Release|ARM
		{39A0427E-DAF9-438F-8253-85C9719712AD}.Release|iPhone.ActiveCfg = Release|x86
		{39A0427E-DAF9-438F-8253-85C9719712AD}.Release|iPhoneSimulator.ActiveCfg = Release|x86
		{39A0427E-DAF9-438F-8253-85C9719712AD}.Release|x64.ActiveCfg = Release|x64
		{39A0427E-DAF9-438F-8253-85C9719712AD}.Release|x64.Build.0 = Release|x64
		{39A0427E-DAF9-438F-8253-85C9719712AD}.Release|x64.Deploy.0 = Release|x64
		{39A0427E-DAF9-438F-8253-85C9719712AD}.Release|x86.ActiveCfg = Release|x86
		{39A0427E-DAF9-438F-8253-85C9719712AD}.Release|x86.Build.0 = Release|x86
		{39A0427E-DAF9-438F-8253-85C9719712AD}.Release|x86.Deploy.0 = Release|x86
		{A4534902-C035-4B9C-97E7-774424A30C20}.Ad-Hoc|Any CPU.ActiveCfg = Ad-Hoc|iPhone
		{A4534902-C035-4B9C-97E7-774424A30C20}.Ad-Hoc|ARM.ActiveCfg = Ad-Hoc|iPhone
		{A4534902-C035-4B9C-97E7-774424A30C20}.Ad-Hoc|iPhone.ActiveCfg = Ad-Hoc|iPhone
		{A4534902-C035-4B9C-97E7-774424A30C20}.Ad-Hoc|iPhone.Build.0 = Ad-Hoc|iPhone
		{A4534902-C035-4B9C-97E7-774424A30C20}.Ad-Hoc|iPhoneSimulator.ActiveCfg = Ad-Hoc|iPhoneSimulator
		{A4534902-C035-4B9C-97E7-774424A30C20}.Ad-Hoc|iPhoneSimulator.Build.0 = Ad-Hoc|iPhoneSimulator
		{A4534902-C035-4B9C-97E7-774424A30C20}.Ad-Hoc|x64.ActiveCfg = Ad-Hoc|iPhone
		{A4534902-C035-4B9C-97E7-774424A30C20}.Ad-Hoc|x86.ActiveCfg = Ad-Hoc|iPhone
		{A4534902-C035-4B9C-97E7-774424A30C20}.AppStore|Any CPU.ActiveCfg = AppStore|iPhone
		{A4534902-C035-4B9C-97E7-774424A30C20}.AppStore|ARM.ActiveCfg = AppStore|iPhone
		{A4534902-C035-4B9C-97E7-774424A30C20}.AppStore|iPhone.ActiveCfg = AppStore|iPhone
		{A4534902-C035-4B9C-97E7-774424A30C20}.AppStore|iPhone.Build.0 = AppStore|iPhone
		{A4534902-C035-4B9C-97E7-774424A30C20}.AppStore|iPhoneSimulator.ActiveCfg = AppStore|iPhoneSimulator
		{A4534902-C035-4B9C-97E7-774424A30C20}.AppStore|iPhoneSimulator.Build.0 = AppStore|iPhoneSimulator
		{A4534902-C035-4B9C-97E7-774424A30C20}.AppStore|x64.ActiveCfg = AppStore|iPhone
		{A4534902-C035-4B9C-97E7-774424A30C20}.AppStore|x86.ActiveCfg = AppStore|iPhone
		{A4534902-C035-4B9C-97E7-774424A30C20}.Debug|Any CPU.ActiveCfg = Debug|iPhone
		{A4534902-C035-4B9C-97E7-774424A30C20}.Debug|ARM.ActiveCfg = Debug|iPhone
		{A4534902-C035-4B9C-97E7-774424A30C20}.Debug|iPhone.ActiveCfg = Debug|iPhone
		{A4534902-C035-4B9C-97E7-774424A30C20}.Debug|iPhone.Build.0 = Debug|iPhone
		{A4534902-C035-4B9C-97E7-774424A30C20}.Debug|iPhoneSimulator.ActiveCfg = Debug|iPhoneSimulator
		{A4534902-C035-4B9C-97E7-774424A30C20}.Debug|iPhoneSimulator.Build.0 = Debug|iPhoneSimulator
		{A4534902-C035-4B9C-97E7-774424A30C20}.Debug|x64.ActiveCfg = Debug|iPhone
		{A4534902-C035-4B9C-97E7-774424A30C20}.Debug|x86.ActiveCfg = Debug|iPhone
		{A4534902-C035-4B9C-97E7-774424A30C20}.Release|Any CPU.ActiveCfg = Release|iPhone
		{A4534902-C035-4B9C-97E7-774424A30C20}.Release|ARM.ActiveCfg = Release|iPhone
		{A4534902-C035-4B9C-97E7-774424A30C20}.Release|iPhone.ActiveCfg = Release|iPhone
		{A4534902-C035-4B9C-97E7-774424A30C20}.Release|iPhone.Build.0 = Release|iPhone
		{A4534902-C035-4B9C-97E7-774424A30C20}.Release|iPhoneSimulator.ActiveCfg = Release|iPhoneSimulator
		{A4534902-C035-4B9C-97E7-774424A30C20}.Release|iPhoneSimulator.Build.0 = Release|iPhoneSimulator
		{A4534902-C035-4B9C-97E7-774424A30C20}.Release|x64.ActiveCfg = Release|iPhone
		{A4534902-C035-4B9C-97E7-774424A30C20}.Release|x86.ActiveCfg = Release|iPhone
	EndGlobalSection
	GlobalSection(SolutionProperties) = preSolution
		HideSolutionNode = FALSE
	EndGlobalSection
EndGlobal
